// !$*UTF8*$!
{
	archiveVersion = 1;
	classes = {
	};
	objectVersion = 48;
	objects = {

/* Begin PBXBuildFile section */
		04DFC6EC203B5E1C008B7C9C /* AppDelegate.swift in Sources */ = {isa = PBXBuildFile; fileRef = 04DFC6EB203B5E1C008B7C9C /* AppDelegate.swift */; };
		04DFC6EE203B5E1C008B7C9C /* ViewController.swift in Sources */ = {isa = PBXBuildFile; fileRef = 04DFC6ED203B5E1C008B7C9C /* ViewController.swift */; };
		04DFC6F1203B5E1C008B7C9C /* Main.storyboard in Resources */ = {isa = PBXBuildFile; fileRef = 04DFC6EF203B5E1C008B7C9C /* Main.storyboard */; };
		04DFC6F3203B5E1C008B7C9C /* Assets.xcassets in Resources */ = {isa = PBXBuildFile; fileRef = 04DFC6F2203B5E1C008B7C9C /* Assets.xcassets */; };
		04DFC6F6203B5E1C008B7C9C /* LaunchScreen.storyboard in Resources */ = {isa = PBXBuildFile; fileRef = 04DFC6F4203B5E1C008B7C9C /* LaunchScreen.storyboard */; };
		04DFC6FE203B5EDB008B7C9C /* btnExtension.swift in Sources */ = {isa = PBXBuildFile; fileRef = 04DFC6FD203B5EDB008B7C9C /* btnExtension.swift */; };
		04DFC700203B66E0008B7C9C /* helper.swift in Sources */ = {isa = PBXBuildFile; fileRef = 04DFC6FF203B66E0008B7C9C /* helper.swift */; };
/* End PBXBuildFile section */

/* Begin PBXFileReference section */
		04DFC6E8203B5E1C008B7C9C /* extensions.app */ = {isa = PBXFileReference; explicitFileType = wrapper.application; includeInIndex = 0; path = extensions.app; sourceTree = BUILT_PRODUCTS_DIR; };
		04DFC6EB203B5E1C008B7C9C /* AppDelegate.swift */ = {isa = PBXFileReference; lastKnownFileType = sourcecode.swift; path = AppDelegate.swift; sourceTree = "<group>"; };
		04DFC6ED203B5E1C008B7C9C /* ViewController.swift */ = {isa = PBXFileReference; lastKnownFileType = sourcecode.swift; path = ViewController.swift; sourceTree = "<group>"; };
		04DFC6F0203B5E1C008B7C9C /* Base */ = {isa = PBXFileReference; lastKnownFileType = file.storyboard; name = Base; path = Base.lproj/Main.storyboard; sourceTree = "<group>"; };
		04DFC6F2203B5E1C008B7C9C /* Assets.xcassets */ = {isa = PBXFileReference; lastKnownFileType = folder.assetcatalog; path = Assets.xcassets; sourceTree = "<group>"; };
		04DFC6F5203B5E1C008B7C9C /* Base */ = {isa = PBXFileReference; lastKnownFileType = file.storyboard; name = Base; path = Base.lproj/LaunchScreen.storyboard; sourceTree = "<group>"; };
		04DFC6F7203B5E1C008B7C9C /* Info.plist */ = {isa = PBXFileReference; lastKnownFileType = text.plist.xml; path = Info.plist; sourceTree = "<group>"; };
		04DFC6FD203B5EDB008B7C9C /* btnExtension.swift */ = {isa = PBXFileReference; lastKnownFileType = sourcecode.swift; path = btnExtension.swift; sourceTree = "<group>"; };
		04DFC6FF203B66E0008B7C9C /* helper.swift */ = {isa = PBXFileReference; lastKnownFileType = sourcecode.swift; path = helper.swift; sourceTree = "<group>"; };
/* End PBXFileReference section */

/* Begin PBXFrameworksBuildPhase section */
		04DFC6E5203B5E1C008B7C9C /* Frameworks */ = {
			isa = PBXFrameworksBuildPhase;
			buildActionMask = 2147483647;
			files = (
			);
			runOnlyForDeploymentPostprocessing = 0;
		};
/* End PBXFrameworksBuildPhase section */

/* Begin PBXGroup section */
		04DFC6DF203B5E1C008B7C9C = {
			isa = PBXGroup;
			children = (
				04DFC6EA203B5E1C008B7C9C /* extensions */,
				04DFC6E9203B5E1C008B7C9C /* Products */,
			);
			sourceTree = "<group>";
		};
		04DFC6E9203B5E1C008B7C9C /* Products */ = {
			isa = PBXGroup;
			children = (
				04DFC6E8203B5E1C008B7C9C /* extensions.app */,
			);
			name = Products;
			sourceTree = "<group>";
		};
		04DFC6EA203B5E1C008B7C9C /* extensions */ = {
			isa = PBXGroup;
			children = (
				04DFC6EB203B5E1C008B7C9C /* AppDelegate.swift */,
				04DFC6ED203B5E1C008B7C9C /* ViewController.swift */,
				04DFC6EF203B5E1C008B7C9C /* Main.storyboard */,
				04DFC6F2203B5E1C008B7C9C /* Assets.xcassets */,
				04DFC6F4203B5E1C008B7C9C /* LaunchScreen.storyboard */,
				04DFC6F7203B5E1C008B7C9C /* Info.plist */,
				04DFC6FD203B5EDB008B7C9C /* btnExtension.swift */,
				04DFC6FF203B66E0008B7C9C /* helper.swift */,
			);
			path = extensions;
			sourceTree = "<group>";
		};
/* End PBXGroup section */

/* Begin PBXNativeTarget section */
		04DFC6E7203B5E1C008B7C9C /* extensions */ = {
			isa = PBXNativeTarget;
			buildConfigurationList = 04DFC6FA203B5E1C008B7C9C /* Build configuration list for PBXNativeTarget "extensions" */;
			buildPhases = (
				04DFC6E4203B5E1C008B7C9C /* Sources */,
				04DFC6E5203B5E1C008B7C9C /* Frameworks */,
				04DFC6E6203B5E1C008B7C9C /* Resources */,
			);
			buildRules = (
			);
			dependencies = (
			);
			name = extensions;
			productName = extensions;
			productReference = 04DFC6E8203B5E1C008B7C9C /* extensions.app */;
			productType = "com.apple.product-type.application";
		};
/* End PBXNativeTarget section */

/* Begin PBXProject section */
		04DFC6E0203B5E1C008B7C9C /* Project object */ = {
			isa = PBXProject;
			attributes = {
				LastSwiftUpdateCheck = 0920;
				LastUpgradeCheck = 0920;
				ORGANIZATIONNAME = mouhebJaziri;
				TargetAttributes = {
					04DFC6E7203B5E1C008B7C9C = {
						CreatedOnToolsVersion = 9.2;
						ProvisioningStyle = Automatic;
					};
				};
			};
			buildConfigurationList = 04DFC6E3203B5E1C008B7C9C /* Build configuration list for PBXProject "extensions" */;
			compatibilityVersion = "Xcode 8.0";
			developmentRegion = en;
			hasScannedForEncodings = 0;
			knownRegions = (
				en,
				Base,
			);
			mainGroup = 04DFC6DF203B5E1C008B7C9C;
			productRefGroup = 04DFC6E9203B5E1C008B7C9C /* Products */;
			projectDirPath = "";
			projectRoot = "";
			targets = (
				04DFC6E7203B5E1C008B7C9C /* extensions */,
			);
		};
/* End PBXProject section */

/* Begin PBXResourcesBuildPhase section */
		04DFC6E6203B5E1C008B7C9C /* Resources */ = {
			isa = PBXResourcesBuildPhase;
			buildActionMask = 2147483647;
			files = (
				04DFC6F6203B5E1C008B7C9C /* LaunchScreen.storyboard in Resources */,
				04DFC6F3203B5E1C008B7C9C /* Assets.xcassets in Resources */,
				04DFC6F1203B5E1C008B7C9C /* Main.storyboard in Resources */,
			);
			runOnlyForDeploymentPostprocessing = 0;
		};
/* End PBXResourcesBuildPhase section */

/* Begin PBXSourcesBuildPhase section */
		04DFC6E4203B5E1C008B7C9C /* Sources */ = {
			isa = PBXSourcesBuildPhase;
			buildActionMask = 2147483647;
			files = (
				04DFC6EE203B5E1C008B7C9C /* ViewController.swift in Sources */,
				04DFC6EC203B5E1C008B7C9C /* AppDelegate.swift in Sources */,
				04DFC6FE203B5EDB008B7C9C /* btnExtension.swift in Sources */,
				04DFC700203B66E0008B7C9C /* helper.swift in Sources */,
			);
			runOnlyForDeploymentPostprocessing = 0;
		};
/* End PBXSourcesBuildPhase section */

/* Begin PBXVariantGroup section */
		04DFC6EF203B5E1C008B7C9C /* Main.storyboard */ = {
			isa = PBXVariantGroup;
			children = (
				04DFC6F0203B5E1C008B7C9C /* Base */,
			);
			name = Main.storyboard;
			sourceTree = "<group>";
		};
		04DFC6F4203B5E1C008B7C9C /* LaunchScreen.storyboard */ = {
			isa = PBXVariantGroup;
			children = (
				04DFC6F5203B5E1C008B7C9C /* Base */,
			);
			name = LaunchScreen.storyboard;
			sourceTree = "<group>";
		};
/* End PBXVariantGroup section */

/* Begin XCBuildConfiguration section */
		04DFC6F8203B5E1C008B7C9C /* Debug */ = {
			isa = XCBuildConfiguration;
			buildSettings = {
				ALWAYS_SEARCH_USER_PATHS = NO;
				CLANG_ANALYZER_NONNULL = YES;
				CLANG_ANALYZER_NUMBER_OBJECT_CONVERSION = YES_AGGRESSIVE;
				CLANG_CXX_LANGUAGE_STANDARD = "gnu++14";
				CLANG_CXX_LIBRARY = "libc++";
				CLANG_ENABLE_MODULES = YES;
				CLANG_ENABLE_OBJC_ARC = YES;
				CLANG_WARN_BLOCK_CAPTURE_AUTORELEASING = YES;
				CLANG_WARN_BOOL_CONVERSION = YES;
				CLANG_WARN_COMMA = YES;
				CLANG_WARN_CONSTANT_CONVERSION = YES;
				CLANG_WARN_DIRECT_OBJC_ISA_USAGE = YES_ERROR;
				CLANG_WARN_DOCUMENTATION_COMMENTS = YES;
				CLANG_WARN_EMPTY_BODY = YES;
				CLANG_WARN_ENUM_CONVERSION = YES;
				CLANG_WARN_INFINITE_RECURSION = YES;
				CLANG_WARN_INT_CONVERSION = YES;
				CLANG_WARN_NON_LITERAL_NULL_CONVERSION = YES;
				CLANG_WARN_OBJC_LITERAL_CONVERSION = YES;
				CLANG_WARN_OBJC_ROOT_CLASS = YES_ERROR;
				CLANG_WARN_RANGE_LOOP_ANALYSIS = YES;
				CLANG_WARN_STRICT_PROTOTYPES = YES;
				CLANG_WARN_SUSPICIOUS_MOVE = YES;
				CLANG_WARN_UNGUARDED_AVAILABILITY = YES_AGGRESSIVE;
				CLANG_WARN_UNREACHABLE_CODE = YES;
				CLANG_WARN__DUPLICATE_METHOD_MATCH = YES;
				CODE_SIGN_IDENTITY = "iPhone Developer";
				COPY_PHASE_STRIP = NO;
				DEBUG_INFORMATION_FORMAT = dwarf;
				ENABLE_STRICT_OBJC_MSGSEND = YES;
				ENABLE_TESTABILITY = YES;
				GCC_C_LANGUAGE_STANDARD = gnu11;
				GCC_DYNAMIC_NO_PIC = NO;
				GCC_NO_COMMON_BLOCKS = YES;
				GCC_OPTIMIZATION_LEVEL = 0;
				GCC_PREPROCESSOR_DEFINITIONS = (
					"DEBUG=1",
					"$(inherited)",
				);
				GCC_WARN_64_TO_32_BIT_CONVERSION = YES;
				GCC_WARN_ABOUT_RETURN_TYPE = YES_ERROR;
				GCC_WARN_UNDECLARED_SELECTOR = YES;
				GCC_WARN_UNINITIALIZED_AUTOS = YES_AGGRESSIVE;
				GCC_WARN_UNUSED_FUNCTION = YES;
				GCC_WARN_UNUSED_VARIABLE = YES;
				IPHONEOS_DEPLOYMENT_TARGET = 11.2;
				MTL_ENABLE_DEBUG_INFO = YES;
				ONLY_ACTIVE_ARCH = YES;
				SDKROOT = iphoneos;
				SWIFT_ACTIVE_COMPILATION_CONDITIONS = DEBUG;
				SWIFT_OPTIMIZATION_LEVEL = "-Onone";
			};
			name = Debug;
		};
		04DFC6F9203B5E1C008B7C9C /* Release */ = {
			isa = XCBuildConfiguration;
			buildSettings = {
				ALWAYS_SEARCH_USER_PATHS = NO;
				CLANG_ANALYZER_NONNULL = YES;
				CLANG_ANALYZER_NUMBER_OBJECT_CONVERSION = YES_AGGRESSIVE;
				CLANG_CXX_LANGUAGE_STANDARD = "gnu++14";
				CLANG_CXX_LIBRARY = "libc++";
				CLANG_ENABLE_MODULES = YES;
				CLANG_ENABLE_OBJC_ARC = YES;
				CLANG_WARN_BLOCK_CAPTURE_AUTORELEASING = YES;
				CLANG_WARN_BOOL_CONVERSION = YES;
				CLANG_WARN_COMMA = YES;
				CLANG_WARN_CONSTANT_CONVERSION = YES;
				CLANG_WARN_DIRECT_OBJC_ISA_USAGE = YES_ERROR;
				CLANG_WARN_DOCUMENTATION_COMMENTS = YES;
				CLANG_WARN_EMPTY_BODY = YES;
				CLANG_WARN_ENUM_CONVERSION = YES;
				CLANG_WARN_INFINITE_RECURSION = YES;
				CLANG_WARN_INT_CONVERSION = YES;
				CLANG_WARN_NON_LITERAL_NULL_CONVERSION = YES;
				CLANG_WARN_OBJC_LITERAL_CONVERSION = YES;
				CLANG_WARN_OBJC_ROOT_CLASS = YES_ERROR;
				CLANG_WARN_RANGE_LOOP_ANALYSIS = YES;
				CLANG_WARN_STRICT_PROTOTYPES = YES;
				CLANG_WARN_SUSPICIOUS_MOVE = YES;
				CLANG_WARN_UNGUARDED_AVAILABILITY = YES_AGGRESSIVE;
				CLANG_WARN_UNREACHABLE_CODE = YES;
				CLANG_WARN__DUPLICATE_METHOD_MATCH = YES;
				CODE_SIGN_IDENTITY = "iPhone Developer";
				COPY_PHASE_STRIP = NO;
				DEBUG_INFORMATION_FORMAT = "dwarf-with-dsym";
				ENABLE_NS_ASSERTIONS = NO;
				ENABLE_STRICT_OBJC_MSGSEND = YES;
				GCC_C_LANGUAGE_STANDARD = gnu11;
				GCC_NO_COMMON_BLOCKS = YES;
				GCC_WARN_64_TO_32_BIT_CONVERSION = YES;
				GCC_WARN_ABOUT_RETURN_TYPE = YES_ERROR;
				GCC_WARN_UNDECLARED_SELECTOR = YES;
				GCC_WARN_UNINITIALIZED_AUTOS = YES_AGGRESSIVE;
				GCC_WARN_UNUSED_FUNCTION = YES;
				GCC_WARN_UNUSED_VARIABLE = YES;
				IPHONEOS_DEPLOYMENT_TARGET = 11.2;
				MTL_ENABLE_DEBUG_INFO = NO;
				SDKROOT = iphoneos;
				SWIFT_OPTIMIZATION_LEVEL = "-Owholemodule";
				VALIDATE_PRODUCT = YES;
			};
			name = Release;
		};
		04DFC6FB203B5E1C008B7C9C /* Debug */ = {
			isa = XCBuildConfiguration;
			buildSettings = {
				ASSETCATALOG_COMPILER_APPICON_NAME = AppIcon;
				CODE_SIGN_STYLE = Automatic;
				DEVELOPMENT_TEAM = 4YQULS2QS8;
				INFOPLIST_FILE = extensions/Info.plist;
				LD_RUNPATH_SEARCH_PATHS = "$(inherited) @executable_path/Frameworks";
				PRODUCT_BUNDLE_IDENTIFIER = com.dreamteam.extensions;
				PRODUCT_NAME = "$(TARGET_NAME)";
				SWIFT_VERSION = 4.0;
				TARGETED_DEVICE_FAMILY = "1,2";
			};
			name = Debug;
		};
		04DFC6FC203B5E1C008B7C9C /* Release */ = {
			isa = XCBuildConfiguration;
			buildSettings = {
				ASSETCATALOG_COMPILER_APPICON_NAME = AppIcon;
				CODE_SIGN_STYLE = Automatic;
				DEVELOPMENT_TEAM = 4YQULS2QS8;
				INFOPLIST_FILE = extensions/Info.plist;
				LD_RUNPATH_SEARCH_PATHS = "$(inherited) @executable_path/Frameworks";
				PRODUCT_BUNDLE_IDENTIFIER = com.dreamteam.extensions;
				PRODUCT_NAME = "$(TARGET_NAME)";
				SWIFT_VERSION = 4.0;
				TARGETED_DEVICE_FAMILY = "1,2";
			};
			name = Release;
		};
/* End XCBuildConfiguration section */

/* Begin XCConfigurationList section */
		04DFC6E3203B5E1C008B7C9C /* Build configuration list for PBXProject "extensions" */ = {
			isa = XCConfigurationList;
			buildConfigurations = (
				04DFC6F8203B5E1C008B7C9C /* Debug */,
				04DFC6F9203B5E1C008B7C9C /* Release */,
			);
			defaultConfigurationIsVisible = 0;
			defaultConfigurationName = Release;
		};
		04DFC6FA203B5E1C008B7C9C /* Build configuration list for PBXNativeTarget "extensions" */ = {
			isa = XCConfigurationList;
			buildConfigurations = (
				04DFC6FB203B5E1C008B7C9C /* Debug */,
				04DFC6FC203B5E1C008B7C9C /* Release */,
			);
			defaultConfigurationIsVisible = 0;
			defaultConfigurationName = Release;
		};
/* End XCConfigurationList section */
	};
	rootObject = 04DFC6E0203B5E1C008B7C9C /* Project object */;
}
